
Microsoft Visual Studio Solution File, Format Version 12.00
# Visual Studio Version 17
VisualStudioVersion = 17.5.002.0
MinimumVisualStudioVersion = 10.0.40219.1
Project("{9A19103F-16F7-4668-BE54-9A1E7A4F7556}") = "BookStoreApi", "BookStoreApi.csproj", "{F5BFED9E-6884-42AA-BAD4-0A5C0E06F62E}"
EndProject
Global
	GlobalSection(SolutionConfigurationPlatforms) = preSolution
		Debug|Any CPU = Debug|Any CPU
		Release|Any CPU = Release|Any CPU
	EndGlobalSection
	GlobalSection(ProjectConfigurationPlatforms) = postSolution
		{F5BFED9E-6884-42AA-BAD4-0A5C0E06F62E}.Debug|Any CPU.ActiveCfg = Debug|Any CPU
		{F5BFED9E-6884-42AA-BAD4-0A5C0E06F62E}.Debug|Any CPU.Build.0 = Debug|Any CPU
		{F5BFED9E-6884-42AA-BAD4-0A5C0E06F62E}.Release|Any CPU.ActiveCfg = Release|Any CPU
		{F5BFED9E-6884-42AA-BAD4-0A5C0E06F62E}.Release|Any CPU.Build.0 = Release|Any CPU
	EndGlobalSection
	GlobalSection(SolutionProperties) = preSolution
		HideSolutionNode = FALSE
	EndGlobalSection
	GlobalSection(ExtensibilityGlobals) = postSolution
		SolutionGuid = {3B86D842-A632-427A-8E7C-00CC5F685397}
	EndGlobalSection
EndGlobal
